
Microsoft Visual Studio Solution File, Format Version 12.00
# Visual Studio 14
VisualStudioVersion = 14.0.25420.1
MinimumVisualStudioVersion = 10.0.40219.1
Project("{FAE04EC0-301F-11D3-BF4B-00C04F79EFBC}") = "BlokusBot", "BlokusBot\BlokusBot.csproj", "{22E0FDCD-1A67-478C-A91F-528E01200D97}"
EndProject
Project("{FAE04EC0-301F-11D3-BF4B-00C04F79EFBC}") = "Engine", "Engine\Engine.csproj", "{D06D3883-77A2-4D1C-BA00-81421213EDE8}"
EndProject
Global
	GlobalSection(SolutionConfigurationPlatforms) = preSolution
		Debug|Any CPU = Debug|Any CPU
		Release|Any CPU = Release|Any CPU
	EndGlobalSection
	GlobalSection(ProjectConfigurationPlatforms) = postSolution
		{22E0FDCD-1A67-478C-A91F-528E01200D97}.Debug|Any CPU.ActiveCfg = Debug|Any CPU
		{22E0FDCD-1A67-478C-A91F-528E01200D97}.Debug|Any CPU.Build.0 = Debug|Any CPU
		{22E0FDCD-1A67-478C-A91F-528E01200D97}.Release|Any CPU.ActiveCfg = Release|Any CPU
		{22E0FDCD-1A67-478C-A91F-528E01200D97}.Release|Any CPU.Build.0 = Release|Any CPU
		{D06D3883-77A2-4D1C-BA00-81421213EDE8}.Debug|Any CPU.ActiveCfg = Debug|Any CPU
		{D06D3883-77A2-4D1C-BA00-81421213EDE8}.Debug|Any CPU.Build.0 = Debug|Any CPU
		{D06D3883-77A2-4D1C-BA00-81421213EDE8}.Release|Any CPU.ActiveCfg = Release|Any CPU
		{D06D3883-77A2-4D1C-BA00-81421213EDE8}.Release|Any CPU.Build.0 = Release|Any CPU
	EndGlobalSection
	GlobalSection(SolutionProperties) = preSolution
		HideSolutionNode = FALSE
	EndGlobalSection
EndGlobal
